
Microsoft Visual Studio Solution File, Format Version 12.00
# Visual Studio Version 16
VisualStudioVersion = 16.0.29306.81
MinimumVisualStudioVersion = 10.0.40219.1
Project("{8BC9CEB8-8B4A-11D0-8D11-00A0C91BC942}") = "DiabloIIISupport", "DiabloIIISupport.vcxproj", "{30CAAD5B-0A03-49AA-9F6E-D664D625FD6C}"
EndProject
Global
	GlobalSection(SolutionConfigurationPlatforms) = preSolution
		Debug|x64 = Debug|x64
		Debug|x86 = Debug|x86
		Release|x64 = Release|x64
		Release|x86 = Release|x86
	EndGlobalSection
	GlobalSection(ProjectConfigurationPlatforms) = postSolution
		{30CAAD5B-0A03-49AA-9F6E-D664D625FD6C}.Debug|x64.ActiveCfg = Debug|x64
		{30CAAD5B-0A03-49AA-9F6E-D664D625FD6C}.Debug|x64.Build.0 = Debug|x64
		{30CAAD5B-0A03-49AA-9F6E-D664D625FD6C}.Debug|x86.ActiveCfg = Debug|Win32
		{30CAAD5B-0A03-49AA-9F6E-D664D625FD6C}.Debug|x86.Build.0 = Debug|Win32
		{30CAAD5B-0A03-49AA-9F6E-D664D625FD6C}.Release|x64.ActiveCfg = Release|x64
		{30CAAD5B-0A03-49AA-9F6E-D664D625FD6C}.Release|x64.Build.0 = Release|x64
		{30CAAD5B-0A03-49AA-9F6E-D664D625FD6C}.Release|x86.ActiveCfg = Release|Win32
		{30CAAD5B-0A03-49AA-9F6E-D664D625FD6C}.Release|x86.Build.0 = Release|Win32
	EndGlobalSection
	GlobalSection(SolutionProperties) = preSolution
		HideSolutionNode = FALSE
	EndGlobalSection
	GlobalSection(ExtensibilityGlobals) = postSolution
		SolutionGuid = {03408F1F-A83C-4481-9D53-63364C84820C}
	EndGlobalSection
EndGlobal
